
Microsoft Visual Studio Solution File, Format Version 12.00
# Visual Studio Version 17
VisualStudioVersion = 17.0.31912.275
MinimumVisualStudioVersion = 10.0.40219.1
Project("{9A19103F-16F7-4668-BE54-9A1E7A4F7556}") = "PotiScript", "src\PotiScript\PotiScript.csproj", "{5C9B873D-2045-431F-A7DB-BE56B4EAD08A}"
EndProject
Project("{9A19103F-16F7-4668-BE54-9A1E7A4F7556}") = "PotiScript.UnitTests", "src\PotiScript.UnitTests\PotiScript.UnitTests.csproj", "{606E2349-B7C8-48F6-BD42-79017FA17990}"
EndProject
Project("{2150E333-8FDC-42A3-9474-1A3956D46DE8}") = "src", "src", "{AA28D29F-4E1F-4AC5-9F8D-37F68C3AE554}"
EndProject
Project("{FAE04EC0-301F-11D3-BF4B-00C04F79EFBC}") = "PotiScript.Benchmarking", "src\	PotiScript.Benchmarking\PotiScript.Benchmarking.csproj", "{14429ACB-FD52-4875-8294-9B07B857E805}"
EndProject
Global
	GlobalSection(SolutionConfigurationPlatforms) = preSolution
		Debug|Any CPU = Debug|Any CPU
		Release|Any CPU = Release|Any CPU
	EndGlobalSection
	GlobalSection(ProjectConfigurationPlatforms) = postSolution
		{5C9B873D-2045-431F-A7DB-BE56B4EAD08A}.Debug|Any CPU.ActiveCfg = Debug|Any CPU
		{5C9B873D-2045-431F-A7DB-BE56B4EAD08A}.Debug|Any CPU.Build.0 = Debug|Any CPU
		{5C9B873D-2045-431F-A7DB-BE56B4EAD08A}.Release|Any CPU.ActiveCfg = Release|Any CPU
		{5C9B873D-2045-431F-A7DB-BE56B4EAD08A}.Release|Any CPU.Build.0 = Release|Any CPU
		{606E2349-B7C8-48F6-BD42-79017FA17990}.Debug|Any CPU.ActiveCfg = Debug|Any CPU
		{606E2349-B7C8-48F6-BD42-79017FA17990}.Debug|Any CPU.Build.0 = Debug|Any CPU
		{606E2349-B7C8-48F6-BD42-79017FA17990}.Release|Any CPU.ActiveCfg = Release|Any CPU
		{606E2349-B7C8-48F6-BD42-79017FA17990}.Release|Any CPU.Build.0 = Release|Any CPU
		{14429ACB-FD52-4875-8294-9B07B857E805}.Debug|Any CPU.ActiveCfg = Debug|Any CPU
		{14429ACB-FD52-4875-8294-9B07B857E805}.Debug|Any CPU.Build.0 = Debug|Any CPU
		{14429ACB-FD52-4875-8294-9B07B857E805}.Release|Any CPU.ActiveCfg = Release|Any CPU
		{14429ACB-FD52-4875-8294-9B07B857E805}.Release|Any CPU.Build.0 = Release|Any CPU
	EndGlobalSection
	GlobalSection(SolutionProperties) = preSolution
		HideSolutionNode = FALSE
	EndGlobalSection
	GlobalSection(NestedProjects) = preSolution
		{5C9B873D-2045-431F-A7DB-BE56B4EAD08A} = {AA28D29F-4E1F-4AC5-9F8D-37F68C3AE554}
		{606E2349-B7C8-48F6-BD42-79017FA17990} = {AA28D29F-4E1F-4AC5-9F8D-37F68C3AE554}
		{14429ACB-FD52-4875-8294-9B07B857E805} = {AA28D29F-4E1F-4AC5-9F8D-37F68C3AE554}
	EndGlobalSection
	GlobalSection(ExtensibilityGlobals) = postSolution
		SolutionGuid = {27B8CA4B-9ADC-4FB1-ABAE-C6A990D7C01E}
	EndGlobalSection
EndGlobal
